github.com/quangbach27/wild-workout-microservice/internal/common v0.0.0-20250610120431-94937ba86a72 h1:he206rakSoWdFhGD8Ypn/gdbWcXLFllK+UR2pKz/2e4=
github.com/quangbach27/wild-workout-microservice/internal/common v0.0.0-20250610120431-94937ba86a72/go.mod h1:lgckndyn4EmMsKomejB1EavlBMrXZeQW6riHZm6heA8=
